
Microsoft Visual Studio Solution File, Format Version 12.00
# Visual Studio Version 16
VisualStudioVersion = 16.0.32126.315
MinimumVisualStudioVersion = 10.0.40219.1
Project("{FAE04EC0-301F-11D3-BF4B-00C04F79EFBC}") = "BP.Api", "BP.Api\BP.Api.csproj", "{D0DFB39A-8744-49CC-B2A9-3B93E05422E5}"
EndProject
Project("{FAE04EC0-301F-11D3-BF4B-00C04F79EFBC}") = "BP.Api.Models", "BP.Api.Models\BP.Api.Models.csproj", "{DF1D7B81-F9D5-49F3-99CD-FA80B11CA788}"
EndProject
Project("{FAE04EC0-301F-11D3-BF4B-00C04F79EFBC}") = "BP.Api.Data.Models", "BP.Api.Data.Models\BP.Api.Data.Models.csproj", "{653DBE17-7C3C-4C10-9CB8-72C17BD48E4D}"
EndProject
Project("{FAE04EC0-301F-11D3-BF4B-00C04F79EFBC}") = "BP.Api.Services", "BP.Api.Services\BP.Api.Services.csproj", "{C28ECF5C-0FA9-43FE-89C3-96338B182770}"
EndProject
Project("{FAE04EC0-301F-11D3-BF4B-00C04F79EFBC}") = "BP.Api.Data.Services", "BP.Api.Data.Services\BP.Api.Data.Services.csproj", "{E1AA78CA-48BA-479B-9AD6-62D64325D105}"
EndProject
Global
	GlobalSection(SolutionConfigurationPlatforms) = preSolution
		Debug|Any CPU = Debug|Any CPU
		Release|Any CPU = Release|Any CPU
	EndGlobalSection
	GlobalSection(ProjectConfigurationPlatforms) = postSolution
		{D0DFB39A-8744-49CC-B2A9-3B93E05422E5}.Debug|Any CPU.ActiveCfg = Debug|Any CPU
		{D0DFB39A-8744-49CC-B2A9-3B93E05422E5}.Debug|Any CPU.Build.0 = Debug|Any CPU
		{D0DFB39A-8744-49CC-B2A9-3B93E05422E5}.Release|Any CPU.ActiveCfg = Release|Any CPU
		{D0DFB39A-8744-49CC-B2A9-3B93E05422E5}.Release|Any CPU.Build.0 = Release|Any CPU
		{DF1D7B81-F9D5-49F3-99CD-FA80B11CA788}.Debug|Any CPU.ActiveCfg = Debug|Any CPU
		{DF1D7B81-F9D5-49F3-99CD-FA80B11CA788}.Debug|Any CPU.Build.0 = Debug|Any CPU
		{DF1D7B81-F9D5-49F3-99CD-FA80B11CA788}.Release|Any CPU.ActiveCfg = Release|Any CPU
		{DF1D7B81-F9D5-49F3-99CD-FA80B11CA788}.Release|Any CPU.Build.0 = Release|Any CPU
		{653DBE17-7C3C-4C10-9CB8-72C17BD48E4D}.Debug|Any CPU.ActiveCfg = Debug|Any CPU
		{653DBE17-7C3C-4C10-9CB8-72C17BD48E4D}.Debug|Any CPU.Build.0 = Debug|Any CPU
		{653DBE17-7C3C-4C10-9CB8-72C17BD48E4D}.Release|Any CPU.ActiveCfg = Release|Any CPU
		{653DBE17-7C3C-4C10-9CB8-72C17BD48E4D}.Release|Any CPU.Build.0 = Release|Any CPU
		{C28ECF5C-0FA9-43FE-89C3-96338B182770}.Debug|Any CPU.ActiveCfg = Debug|Any CPU
		{C28ECF5C-0FA9-43FE-89C3-96338B182770}.Debug|Any CPU.Build.0 = Debug|Any CPU
		{C28ECF5C-0FA9-43FE-89C3-96338B182770}.Release|Any CPU.ActiveCfg = Release|Any CPU
		{C28ECF5C-0FA9-43FE-89C3-96338B182770}.Release|Any CPU.Build.0 = Release|Any CPU
		{E1AA78CA-48BA-479B-9AD6-62D64325D105}.Debug|Any CPU.ActiveCfg = Debug|Any CPU
		{E1AA78CA-48BA-479B-9AD6-62D64325D105}.Debug|Any CPU.Build.0 = Debug|Any CPU
		{E1AA78CA-48BA-479B-9AD6-62D64325D105}.Release|Any CPU.ActiveCfg = Release|Any CPU
		{E1AA78CA-48BA-479B-9AD6-62D64325D105}.Release|Any CPU.Build.0 = Release|Any CPU
	EndGlobalSection
	GlobalSection(SolutionProperties) = preSolution
		HideSolutionNode = FALSE
	EndGlobalSection
	GlobalSection(ExtensibilityGlobals) = postSolution
		SolutionGuid = {15DFAF48-1985-46D3-B261-FBD0B2F23CDC}
	EndGlobalSection
EndGlobal
